
Microsoft Visual Studio Solution File, Format Version 12.00
# Visual Studio Version 17
VisualStudioVersion = 17.11.35303.130
MinimumVisualStudioVersion = 10.0.40219.1
Project("{FAE04EC0-301F-11D3-BF4B-00C04F79EFBC}") = "KararYapilari", "KararYapilari.csproj", "{8CDBD978-4913-4E27-8691-CF7B1A9AEE56}"
EndProject
Global
	GlobalSection(SolutionConfigurationPlatforms) = preSolution
		Debug|Any CPU = Debug|Any CPU
		Release|Any CPU = Release|Any CPU
	EndGlobalSection
	GlobalSection(ProjectConfigurationPlatforms) = postSolution
		{8CDBD978-4913-4E27-8691-CF7B1A9AEE56}.Debug|Any CPU.ActiveCfg = Debug|Any CPU
		{8CDBD978-4913-4E27-8691-CF7B1A9AEE56}.Debug|Any CPU.Build.0 = Debug|Any CPU
		{8CDBD978-4913-4E27-8691-CF7B1A9AEE56}.Release|Any CPU.ActiveCfg = Release|Any CPU
		{8CDBD978-4913-4E27-8691-CF7B1A9AEE56}.Release|Any CPU.Build.0 = Release|Any CPU
	EndGlobalSection
	GlobalSection(SolutionProperties) = preSolution
		HideSolutionNode = FALSE
	EndGlobalSection
	GlobalSection(ExtensibilityGlobals) = postSolution
		SolutionGuid = {512A405A-264A-4719-882A-F6ED60FD6E2E}
	EndGlobalSection
EndGlobal
