
Microsoft Visual Studio Solution File, Format Version 12.00
# Visual Studio Version 17
VisualStudioVersion = 17.11.35303.130
MinimumVisualStudioVersion = 10.0.40219.1
Project("{FAE04EC0-301F-11D3-BF4B-00C04F79EFBC}") = "Metotlar", "Metotlar.csproj", "{6072E898-7BBD-4FED-9BE0-2729D257CA6E}"
EndProject
Global
	GlobalSection(SolutionConfigurationPlatforms) = preSolution
		Debug|Any CPU = Debug|Any CPU
		Release|Any CPU = Release|Any CPU
	EndGlobalSection
	GlobalSection(ProjectConfigurationPlatforms) = postSolution
		{6072E898-7BBD-4FED-9BE0-2729D257CA6E}.Debug|Any CPU.ActiveCfg = Debug|Any CPU
		{6072E898-7BBD-4FED-9BE0-2729D257CA6E}.Debug|Any CPU.Build.0 = Debug|Any CPU
		{6072E898-7BBD-4FED-9BE0-2729D257CA6E}.Release|Any CPU.ActiveCfg = Release|Any CPU
		{6072E898-7BBD-4FED-9BE0-2729D257CA6E}.Release|Any CPU.Build.0 = Release|Any CPU
	EndGlobalSection
	GlobalSection(SolutionProperties) = preSolution
		HideSolutionNode = FALSE
	EndGlobalSection
	GlobalSection(ExtensibilityGlobals) = postSolution
		SolutionGuid = {E4B0A5B1-754F-44C8-A203-C7BA4D12DF45}
	EndGlobalSection
EndGlobal
