
Microsoft Visual Studio Solution File, Format Version 12.00
# Visual Studio Version 17
VisualStudioVersion = 17.11.35303.130
MinimumVisualStudioVersion = 10.0.40219.1
Project("{FAE04EC0-301F-11D3-BF4B-00C04F79EFBC}") = "ErisimBelirleyiciler", "ErisimBelirleyiciler.csproj", "{B38C1032-4791-4BCC-87E8-44AE9C9FBEDF}"
EndProject
Global
	GlobalSection(SolutionConfigurationPlatforms) = preSolution
		Debug|Any CPU = Debug|Any CPU
		Release|Any CPU = Release|Any CPU
	EndGlobalSection
	GlobalSection(ProjectConfigurationPlatforms) = postSolution
		{B38C1032-4791-4BCC-87E8-44AE9C9FBEDF}.Debug|Any CPU.ActiveCfg = Debug|Any CPU
		{B38C1032-4791-4BCC-87E8-44AE9C9FBEDF}.Debug|Any CPU.Build.0 = Debug|Any CPU
		{B38C1032-4791-4BCC-87E8-44AE9C9FBEDF}.Release|Any CPU.ActiveCfg = Release|Any CPU
		{B38C1032-4791-4BCC-87E8-44AE9C9FBEDF}.Release|Any CPU.Build.0 = Release|Any CPU
	EndGlobalSection
	GlobalSection(SolutionProperties) = preSolution
		HideSolutionNode = FALSE
	EndGlobalSection
	GlobalSection(ExtensibilityGlobals) = postSolution
		SolutionGuid = {3FDAE1C0-A0A1-4042-8770-6D509BBC5E63}
	EndGlobalSection
EndGlobal
