
Microsoft Visual Studio Solution File, Format Version 12.00
# Visual Studio Version 17
VisualStudioVersion = 17.11.35303.130
MinimumVisualStudioVersion = 10.0.40219.1
Project("{FAE04EC0-301F-11D3-BF4B-00C04F79EFBC}") = "operatorler", "operatorler.csproj", "{E4726923-7454-466E-8037-05976AF1D750}"
EndProject
Global
	GlobalSection(SolutionConfigurationPlatforms) = preSolution
		Debug|Any CPU = Debug|Any CPU
		Release|Any CPU = Release|Any CPU
	EndGlobalSection
	GlobalSection(ProjectConfigurationPlatforms) = postSolution
		{E4726923-7454-466E-8037-05976AF1D750}.Debug|Any CPU.ActiveCfg = Debug|Any CPU
		{E4726923-7454-466E-8037-05976AF1D750}.Debug|Any CPU.Build.0 = Debug|Any CPU
		{E4726923-7454-466E-8037-05976AF1D750}.Release|Any CPU.ActiveCfg = Release|Any CPU
		{E4726923-7454-466E-8037-05976AF1D750}.Release|Any CPU.Build.0 = Release|Any CPU
	EndGlobalSection
	GlobalSection(SolutionProperties) = preSolution
		HideSolutionNode = FALSE
	EndGlobalSection
	GlobalSection(ExtensibilityGlobals) = postSolution
		SolutionGuid = {275A0A58-C402-4DE7-8E3D-D26D4FC8AD77}
	EndGlobalSection
EndGlobal
